
Microsoft Visual Studio Solution File, Format Version 12.00
# Visual Studio 15
VisualStudioVersion = 15.0.27009.1
MinimumVisualStudioVersion = 10.0.40219.1
Project("{FAE04EC0-301F-11D3-BF4B-00C04F79EFBC}") = "FlipAnimation.Android", "FlipAnimation\FlipAnimation.Android\FlipAnimation.Android.csproj", "{4A888F47-24A6-4AF0-870C-F81043790183}"
EndProject
Project("{FAE04EC0-301F-11D3-BF4B-00C04F79EFBC}") = "FlipAnimation", "FlipAnimation\FlipAnimation\FlipAnimation.csproj", "{8E065A14-D909-4990-9F1D-E31CBCE94FF3}"
EndProject
Project("{FAE04EC0-301F-11D3-BF4B-00C04F79EFBC}") = "FlipAnimation.iOS", "FlipAnimation\FlipAnimation.iOS\FlipAnimation.iOS.csproj", "{85565131-B954-4D68-B161-539321E39A84}"
EndProject
Global
	GlobalSection(SolutionConfigurationPlatforms) = preSolution
		Ad-Hoc|Any CPU = Ad-Hoc|Any CPU
		Ad-Hoc|iPhone = Ad-Hoc|iPhone
		Ad-Hoc|iPhoneSimulator = Ad-Hoc|iPhoneSimulator
		AppStore|Any CPU = AppStore|Any CPU
		AppStore|iPhone = AppStore|iPhone
		AppStore|iPhoneSimulator = AppStore|iPhoneSimulator
		Debug|Any CPU = Debug|Any CPU
		Debug|iPhone = Debug|iPhone
		Debug|iPhoneSimulator = Debug|iPhoneSimulator
		Release|Any CPU = Release|Any CPU
		Release|iPhone = Release|iPhone
		Release|iPhoneSimulator = Release|iPhoneSimulator
	EndGlobalSection
	GlobalSection(ProjectConfigurationPlatforms) = postSolution
		{4A888F47-24A6-4AF0-870C-F81043790183}.Ad-Hoc|Any CPU.ActiveCfg = Release|Any CPU
		{4A888F47-24A6-4AF0-870C-F81043790183}.Ad-Hoc|Any CPU.Build.0 = Release|Any CPU
		{4A888F47-24A6-4AF0-870C-F81043790183}.Ad-Hoc|Any CPU.Deploy.0 = Release|Any CPU
		{4A888F47-24A6-4AF0-870C-F81043790183}.Ad-Hoc|iPhone.ActiveCfg = Release|Any CPU
		{4A888F47-24A6-4AF0-870C-F81043790183}.Ad-Hoc|iPhone.Build.0 = Release|Any CPU
		{4A888F47-24A6-4AF0-870C-F81043790183}.Ad-Hoc|iPhone.Deploy.0 = Release|Any CPU
		{4A888F47-24A6-4AF0-870C-F81043790183}.Ad-Hoc|iPhoneSimulator.ActiveCfg = Release|Any CPU
		{4A888F47-24A6-4AF0-870C-F81043790183}.Ad-Hoc|iPhoneSimulator.Build.0 = Release|Any CPU
		{4A888F47-24A6-4AF0-870C-F81043790183}.Ad-Hoc|iPhoneSimulator.Deploy.0 = Release|Any CPU
		{4A888F47-24A6-4AF0-870C-F81043790183}.AppStore|Any CPU.ActiveCfg = Release|Any CPU
		{4A888F47-24A6-4AF0-870C-F81043790183}.AppStore|Any CPU.Build.0 = Release|Any CPU
		{4A888F47-24A6-4AF0-870C-F81043790183}.AppStore|Any CPU.Deploy.0 = Release|Any CPU
		{4A888F47-24A6-4AF0-870C-F81043790183}.AppStore|iPhone.ActiveCfg = Release|Any CPU
		{4A888F47-24A6-4AF0-870C-F81043790183}.AppStore|iPhone.Build.0 = Release|Any CPU
		{4A888F47-24A6-4AF0-870C-F81043790183}.AppStore|iPhone.Deploy.0 = Release|Any CPU
		{4A888F47-24A6-4AF0-870C-F81043790183}.AppStore|iPhoneSimulator.ActiveCfg = Release|Any CPU
		{4A888F47-24A6-4AF0-870C-F81043790183}.AppStore|iPhoneSimulator.Build.0 = Release|Any CPU
		{4A888F47-24A6-4AF0-870C-F81043790183}.AppStore|iPhoneSimulator.Deploy.0 = Release|Any CPU
		{4A888F47-24A6-4AF0-870C-F81043790183}.Debug|Any CPU.ActiveCfg = Debug|Any CPU
		{4A888F47-24A6-4AF0-870C-F81043790183}.Debug|Any CPU.Build.0 = Debug|Any CPU
		{4A888F47-24A6-4AF0-870C-F81043790183}.Debug|Any CPU.Deploy.0 = Debug|Any CPU
		{4A888F47-24A6-4AF0-870C-F81043790183}.Debug|iPhone.ActiveCfg = Debug|Any CPU
		{4A888F47-24A6-4AF0-870C-F81043790183}.Debug|iPhone.Build.0 = Debug|Any CPU
		{4A888F47-24A6-4AF0-870C-F81043790183}.Debug|iPhone.Deploy.0 = Debug|Any CPU
		{4A888F47-24A6-4AF0-870C-F81043790183}.Debug|iPhoneSimulator.ActiveCfg = Debug|Any CPU
		{4A888F47-24A6-4AF0-870C-F81043790183}.Debug|iPhoneSimulator.Build.0 = Debug|Any CPU
		{4A888F47-24A6-4AF0-870C-F81043790183}.Debug|iPhoneSimulator.Deploy.0 = Debug|Any CPU
		{4A888F47-24A6-4AF0-870C-F81043790183}.Release|Any CPU.ActiveCfg = Release|Any CPU
		{4A888F47-24A6-4AF0-870C-F81043790183}.Release|Any CPU.Build.0 = Release|Any CPU
		{4A888F47-24A6-4AF0-870C-F81043790183}.Release|Any CPU.Deploy.0 = Release|Any CPU
		{4A888F47-24A6-4AF0-870C-F81043790183}.Release|iPhone.ActiveCfg = Release|Any CPU
		{4A888F47-24A6-4AF0-870C-F81043790183}.Release|iPhone.Build.0 = Release|Any CPU
		{4A888F47-24A6-4AF0-870C-F81043790183}.Release|iPhone.Deploy.0 = Release|Any CPU
		{4A888F47-24A6-4AF0-870C-F81043790183}.Release|iPhoneSimulator.ActiveCfg = Release|Any CPU
		{4A888F47-24A6-4AF0-870C-F81043790183}.Release|iPhoneSimulator.Build.0 = Release|Any CPU
		{4A888F47-24A6-4AF0-870C-F81043790183}.Release|iPhoneSimulator.Deploy.0 = Release|Any CPU
		{8E065A14-D909-4990-9F1D-E31CBCE94FF3}.Ad-Hoc|Any CPU.ActiveCfg = Release|Any CPU
		{8E065A14-D909-4990-9F1D-E31CBCE94FF3}.Ad-Hoc|Any CPU.Build.0 = Release|Any CPU
		{8E065A14-D909-4990-9F1D-E31CBCE94FF3}.Ad-Hoc|Any CPU.Deploy.0 = Release|Any CPU
		{8E065A14-D909-4990-9F1D-E31CBCE94FF3}.Ad-Hoc|iPhone.ActiveCfg = Release|Any CPU
		{8E065A14-D909-4990-9F1D-E31CBCE94FF3}.Ad-Hoc|iPhone.Build.0 = Release|Any CPU
		{8E065A14-D909-4990-9F1D-E31CBCE94FF3}.Ad-Hoc|iPhone.Deploy.0 = Release|Any CPU
		{8E065A14-D909-4990-9F1D-E31CBCE94FF3}.Ad-Hoc|iPhoneSimulator.ActiveCfg = Release|Any CPU
		{8E065A14-D909-4990-9F1D-E31CBCE94FF3}.Ad-Hoc|iPhoneSimulator.Build.0 = Release|Any CPU
		{8E065A14-D909-4990-9F1D-E31CBCE94FF3}.Ad-Hoc|iPhoneSimulator.Deploy.0 = Release|Any CPU
		{8E065A14-D909-4990-9F1D-E31CBCE94FF3}.AppStore|Any CPU.ActiveCfg = Release|Any CPU
		{8E065A14-D909-4990-9F1D-E31CBCE94FF3}.AppStore|Any CPU.Build.0 = Release|Any CPU
		{8E065A14-D909-4990-9F1D-E31CBCE94FF3}.AppStore|Any CPU.Deploy.0 = Release|Any CPU
		{8E065A14-D909-4990-9F1D-E31CBCE94FF3}.AppStore|iPhone.ActiveCfg = Release|Any CPU
		{8E065A14-D909-4990-9F1D-E31CBCE94FF3}.AppStore|iPhone.Build.0 = Release|Any CPU
		{8E065A14-D909-4990-9F1D-E31CBCE94FF3}.AppStore|iPhone.Deploy.0 = Release|Any CPU
		{8E065A14-D909-4990-9F1D-E31CBCE94FF3}.AppStore|iPhoneSimulator.ActiveCfg = Release|Any CPU
		{8E065A14-D909-4990-9F1D-E31CBCE94FF3}.AppStore|iPhoneSimulator.Build.0 = Release|Any CPU
		{8E065A14-D909-4990-9F1D-E31CBCE94FF3}.AppStore|iPhoneSimulator.Deploy.0 = Release|Any CPU
		{8E065A14-D909-4990-9F1D-E31CBCE94FF3}.Debug|Any CPU.ActiveCfg = Debug|Any CPU
		{8E065A14-D909-4990-9F1D-E31CBCE94FF3}.Debug|Any CPU.Build.0 = Debug|Any CPU
		{8E065A14-D909-4990-9F1D-E31CBCE94FF3}.Debug|Any CPU.Deploy.0 = Debug|Any CPU
		{8E065A14-D909-4990-9F1D-E31CBCE94FF3}.Debug|iPhone.ActiveCfg = Debug|Any CPU
		{8E065A14-D909-4990-9F1D-E31CBCE94FF3}.Debug|iPhone.Build.0 = Debug|Any CPU
		{8E065A14-D909-4990-9F1D-E31CBCE94FF3}.Debug|iPhone.Deploy.0 = Debug|Any CPU
		{8E065A14-D909-4990-9F1D-E31CBCE94FF3}.Debug|iPhoneSimulator.ActiveCfg = Debug|Any CPU
		{8E065A14-D909-4990-9F1D-E31CBCE94FF3}.Debug|iPhoneSimulator.Build.0 = Debug|Any CPU
		{8E065A14-D909-4990-9F1D-E31CBCE94FF3}.Debug|iPhoneSimulator.Deploy.0 = Debug|Any CPU
		{8E065A14-D909-4990-9F1D-E31CBCE94FF3}.Release|Any CPU.ActiveCfg = Release|Any CPU
		{8E065A14-D909-4990-9F1D-E31CBCE94FF3}.Release|Any CPU.Build.0 = Release|Any CPU
		{8E065A14-D909-4990-9F1D-E31CBCE94FF3}.Release|Any CPU.Deploy.0 = Release|Any CPU
		{8E065A14-D909-4990-9F1D-E31CBCE94FF3}.Release|iPhone.ActiveCfg = Release|Any CPU
		{8E065A14-D909-4990-9F1D-E31CBCE94FF3}.Release|iPhone.Build.0 = Release|Any CPU
		{8E065A14-D909-4990-9F1D-E31CBCE94FF3}.Release|iPhone.Deploy.0 = Release|Any CPU
		{8E065A14-D909-4990-9F1D-E31CBCE94FF3}.Release|iPhoneSimulator.ActiveCfg = Release|Any CPU
		{8E065A14-D909-4990-9F1D-E31CBCE94FF3}.Release|iPhoneSimulator.Build.0 = Release|Any CPU
		{8E065A14-D909-4990-9F1D-E31CBCE94FF3}.Release|iPhoneSimulator.Deploy.0 = Release|Any CPU
		{85565131-B954-4D68-B161-539321E39A84}.Ad-Hoc|Any CPU.ActiveCfg = Ad-Hoc|iPhone
		{85565131-B954-4D68-B161-539321E39A84}.Ad-Hoc|Any CPU.Build.0 = Ad-Hoc|iPhone
		{85565131-B954-4D68-B161-539321E39A84}.Ad-Hoc|Any CPU.Deploy.0 = Ad-Hoc|iPhone
		{85565131-B954-4D68-B161-539321E39A84}.Ad-Hoc|iPhone.ActiveCfg = Ad-Hoc|iPhone
		{85565131-B954-4D68-B161-539321E39A84}.Ad-Hoc|iPhone.Build.0 = Ad-Hoc|iPhone
		{85565131-B954-4D68-B161-539321E39A84}.Ad-Hoc|iPhone.Deploy.0 = Ad-Hoc|iPhone
		{85565131-B954-4D68-B161-539321E39A84}.Ad-Hoc|iPhoneSimulator.ActiveCfg = Ad-Hoc|iPhoneSimulator
		{85565131-B954-4D68-B161-539321E39A84}.Ad-Hoc|iPhoneSimulator.Build.0 = Ad-Hoc|iPhoneSimulator
		{85565131-B954-4D68-B161-539321E39A84}.Ad-Hoc|iPhoneSimulator.Deploy.0 = Ad-Hoc|iPhoneSimulator
		{85565131-B954-4D68-B161-539321E39A84}.AppStore|Any CPU.ActiveCfg = AppStore|iPhone
		{85565131-B954-4D68-B161-539321E39A84}.AppStore|Any CPU.Build.0 = AppStore|iPhone
		{85565131-B954-4D68-B161-539321E39A84}.AppStore|Any CPU.Deploy.0 = AppStore|iPhone
		{85565131-B954-4D68-B161-539321E39A84}.AppStore|iPhone.ActiveCfg = AppStore|iPhone
		{85565131-B954-4D68-B161-539321E39A84}.AppStore|iPhone.Build.0 = AppStore|iPhone
		{85565131-B954-4D68-B161-539321E39A84}.AppStore|iPhone.Deploy.0 = AppStore|iPhone
		{85565131-B954-4D68-B161-539321E39A84}.AppStore|iPhoneSimulator.ActiveCfg = AppStore|iPhoneSimulator
		{85565131-B954-4D68-B161-539321E39A84}.AppStore|iPhoneSimulator.Build.0 = AppStore|iPhoneSimulator
		{85565131-B954-4D68-B161-539321E39A84}.AppStore|iPhoneSimulator.Deploy.0 = AppStore|iPhoneSimulator
		{85565131-B954-4D68-B161-539321E39A84}.Debug|Any CPU.ActiveCfg = Debug|iPhoneSimulator
		{85565131-B954-4D68-B161-539321E39A84}.Debug|Any CPU.Build.0 = Debug|iPhoneSimulator
		{85565131-B954-4D68-B161-539321E39A84}.Debug|Any CPU.Deploy.0 = Debug|iPhoneSimulator
		{85565131-B954-4D68-B161-539321E39A84}.Debug|iPhone.ActiveCfg = Debug|iPhone
		{85565131-B954-4D68-B161-539321E39A84}.Debug|iPhone.Build.0 = Debug|iPhone
		{85565131-B954-4D68-B161-539321E39A84}.Debug|iPhone.Deploy.0 = Debug|iPhone
		{85565131-B954-4D68-B161-539321E39A84}.Debug|iPhoneSimulator.ActiveCfg = Debug|iPhoneSimulator
		{85565131-B954-4D68-B161-539321E39A84}.Debug|iPhoneSimulator.Build.0 = Debug|iPhoneSimulator
		{85565131-B954-4D68-B161-539321E39A84}.Debug|iPhoneSimulator.Deploy.0 = Debug|iPhoneSimulator
		{85565131-B954-4D68-B161-539321E39A84}.Release|Any CPU.ActiveCfg = Release|iPhone
		{85565131-B954-4D68-B161-539321E39A84}.Release|Any CPU.Build.0 = Release|iPhone
		{85565131-B954-4D68-B161-539321E39A84}.Release|Any CPU.Deploy.0 = Release|iPhone
		{85565131-B954-4D68-B161-539321E39A84}.Release|iPhone.ActiveCfg = Release|iPhone
		{85565131-B954-4D68-B161-539321E39A84}.Release|iPhone.Build.0 = Release|iPhone
		{85565131-B954-4D68-B161-539321E39A84}.Release|iPhone.Deploy.0 = Release|iPhone
		{85565131-B954-4D68-B161-539321E39A84}.Release|iPhoneSimulator.ActiveCfg = Release|iPhoneSimulator
		{85565131-B954-4D68-B161-539321E39A84}.Release|iPhoneSimulator.Build.0 = Release|iPhoneSimulator
		{85565131-B954-4D68-B161-539321E39A84}.Release|iPhoneSimulator.Deploy.0 = Release|iPhoneSimulator
	EndGlobalSection
	GlobalSection(SolutionProperties) = preSolution
		HideSolutionNode = FALSE
	EndGlobalSection
	GlobalSection(ExtensibilityGlobals) = postSolution
		SolutionGuid = {36F6255B-5F06-4D4A-A153-7B896829D796}
	EndGlobalSection
EndGlobal
